// !$*UTF8*$!
{
	archiveVersion = 1;
	classes = {
	};
	objectVersion = 56;
	objects = {

/* Begin PBXBuildFile section */
		A1A92693588E6B18B150A67F /* Pods_ModuleConsumerIOS.framework in Frameworks */ = {isa = PBXBuildFile; fileRef = 1164079F32D9E19FD91DEB85 /* Pods_ModuleConsumerIOS.framework */; };
		AA65AE0C2B15958200859CB3 /* AppDelegate.swift in Sources */ = {isa = PBXBuildFile; fileRef = AA65AE0B2B15958200859CB3 /* AppDelegate.swift */; };
		AA65AE0E2B15958200859CB3 /* SceneDelegate.swift in Sources */ = {isa = PBXBuildFile; fileRef = AA65AE0D2B15958200859CB3 /* SceneDelegate.swift */; };
		AA65AE102B15958200859CB3 /* ViewController.swift in Sources */ = {isa = PBXBuildFile; fileRef = AA65AE0F2B15958200859CB3 /* ViewController.swift */; };
		AA65AE132B15958200859CB3 /* Main.storyboard in Resources */ = {isa = PBXBuildFile; fileRef = AA65AE112B15958200859CB3 /* Main.storyboard */; };
		AA65AE152B15958300859CB3 /* Assets.xcassets in Resources */ = {isa = PBXBuildFile; fileRef = AA65AE142B15958300859CB3 /* Assets.xcassets */; };
		AA65AE182B15958300859CB3 /* LaunchScreen.storyboard in Resources */ = {isa = PBXBuildFile; fileRef = AA65AE162B15958300859CB3 /* LaunchScreen.storyboard */; };
		AA65AE2D2B15A46200859CB3 /* App.xcframework in Frameworks */ = {isa = PBXBuildFile; fileRef = AA65AE2C2B15A46200859CB3 /* App.xcframework */; };
		AA65AE2F2B15A46A00859CB3 /* Flutter.xcframework in Frameworks */ = {isa = PBXBuildFile; fileRef = AA65AE2E2B15A46A00859CB3 /* Flutter.xcframework */; };
/* End PBXBuildFile section */

/* Begin PBXCopyFilesBuildPhase section */
		AA65AE302B15A47000859CB3 /* Embed Frameworks */ = {
			isa = PBXCopyFilesBuildPhase;
			buildActionMask = 2147483647;
			dstPath = "";
			dstSubfolderSpec = 10;
			files = (
			);
			name = "Embed Frameworks";
			runOnlyForDeploymentPostprocessing = 0;
		};
/* End PBXCopyFilesBuildPhase section */

/* Begin PBXFileReference section */
		1164079F32D9E19FD91DEB85 /* Pods_ModuleConsumerIOS.framework */ = {isa = PBXFileReference; explicitFileType = wrapper.framework; includeInIndex = 0; path = Pods_ModuleConsumerIOS.framework; sourceTree = BUILT_PRODUCTS_DIR; };
		5C368A05AEB9961C36C9EE90 /* Pods-ModuleConsumerIOS.release.xcconfig */ = {isa = PBXFileReference; includeInIndex = 1; lastKnownFileType = text.xcconfig; name = "Pods-ModuleConsumerIOS.release.xcconfig"; path = "Target Support Files/Pods-ModuleConsumerIOS/Pods-ModuleConsumerIOS.release.xcconfig"; sourceTree = "<group>"; };
		9DE3FA26499BDE3E4EDF4041 /* Pods-ModuleConsumerIOS.debug.xcconfig */ = {isa = PBXFileReference; includeInIndex = 1; lastKnownFileType = text.xcconfig; name = "Pods-ModuleConsumerIOS.debug.xcconfig"; path = "Target Support Files/Pods-ModuleConsumerIOS/Pods-ModuleConsumerIOS.debug.xcconfig"; sourceTree = "<group>"; };
		AA65AE082B15958200859CB3 /* ModuleConsumerIOS.app */ = {isa = PBXFileReference; explicitFileType = wrapper.application; includeInIndex = 0; path = ModuleConsumerIOS.app; sourceTree = BUILT_PRODUCTS_DIR; };
		AA65AE0B2B15958200859CB3 /* AppDelegate.swift */ = {isa = PBXFileReference; lastKnownFileType = sourcecode.swift; path = AppDelegate.swift; sourceTree = "<group>"; };
		AA65AE0D2B15958200859CB3 /* SceneDelegate.swift */ = {isa = PBXFileReference; lastKnownFileType = sourcecode.swift; path = SceneDelegate.swift; sourceTree = "<group>"; };
		AA65AE0F2B15958200859CB3 /* ViewController.swift */ = {isa = PBXFileReference; lastKnownFileType = sourcecode.swift; path = ViewController.swift; sourceTree = "<group>"; };
		AA65AE122B15958200859CB3 /* Base */ = {isa = PBXFileReference; lastKnownFileType = file.storyboard; name = Base; path = Base.lproj/Main.storyboard; sourceTree = "<group>"; };
		AA65AE142B15958300859CB3 /* Assets.xcassets */ = {isa = PBXFileReference; lastKnownFileType = folder.assetcatalog; path = Assets.xcassets; sourceTree = "<group>"; };
		AA65AE172B15958300859CB3 /* Base */ = {isa = PBXFileReference; lastKnownFileType = file.storyboard; name = Base; path = Base.lproj/LaunchScreen.storyboard; sourceTree = "<group>"; };
		AA65AE192B15958300859CB3 /* Info.plist */ = {isa = PBXFileReference; lastKnownFileType = text.plist.xml; path = Info.plist; sourceTree = "<group>"; };
		AA65AE2C2B15A46200859CB3 /* App.xcframework */ = {isa = PBXFileReference; lastKnownFileType = wrapper.xcframework; name = App.xcframework; path = ../../../flutter_module_demo/api_module_demo/build/ios/framework/Debug/App.xcframework; sourceTree = "<group>"; };
		AA65AE2E2B15A46A00859CB3 /* Flutter.xcframework */ = {isa = PBXFileReference; lastKnownFileType = wrapper.xcframework; name = Flutter.xcframework; path = ../../../flutter_module_demo/api_module_demo/build/ios/framework/Debug/Flutter.xcframework; sourceTree = "<group>"; };
/* End PBXFileReference section */

/* Begin PBXFrameworksBuildPhase section */
		AA65AE052B15958200859CB3 /* Frameworks */ = {
			isa = PBXFrameworksBuildPhase;
			buildActionMask = 2147483647;
			files = (
				AA65AE2F2B15A46A00859CB3 /* Flutter.xcframework in Frameworks */,
				AA65AE2D2B15A46200859CB3 /* App.xcframework in Frameworks */,
				A1A92693588E6B18B150A67F /* Pods_ModuleConsumerIOS.framework in Frameworks */,
			);
			runOnlyForDeploymentPostprocessing = 0;
		};
/* End PBXFrameworksBuildPhase section */

/* Begin PBXGroup section */
		88B89C51F5302B41CB11C059 /* Frameworks */ = {
			isa = PBXGroup;
			children = (
				1164079F32D9E19FD91DEB85 /* Pods_ModuleConsumerIOS.framework */,
			);
			name = Frameworks;
			sourceTree = "<group>";
		};
		AA65ADFF2B15958200859CB3 = {
			isa = PBXGroup;
			children = (
				AA65AE0A2B15958200859CB3 /* ModuleConsumerIOS */,
				AA65AE092B15958200859CB3 /* Products */,
				F0B56BF42D04A519EDDBB400 /* Pods */,
				88B89C51F5302B41CB11C059 /* Frameworks */,
			);
			sourceTree = "<group>";
		};
		AA65AE092B15958200859CB3 /* Products */ = {
			isa = PBXGroup;
			children = (
				AA65AE082B15958200859CB3 /* ModuleConsumerIOS.app */,
			);
			name = Products;
			sourceTree = "<group>";
		};
		AA65AE0A2B15958200859CB3 /* ModuleConsumerIOS */ = {
			isa = PBXGroup;
			children = (
				AA65AE2E2B15A46A00859CB3 /* Flutter.xcframework */,
				AA65AE2C2B15A46200859CB3 /* App.xcframework */,
				AA65AE0B2B15958200859CB3 /* AppDelegate.swift */,
				AA65AE0D2B15958200859CB3 /* SceneDelegate.swift */,
				AA65AE0F2B15958200859CB3 /* ViewController.swift */,
				AA65AE112B15958200859CB3 /* Main.storyboard */,
				AA65AE142B15958300859CB3 /* Assets.xcassets */,
				AA65AE162B15958300859CB3 /* LaunchScreen.storyboard */,
				AA65AE192B15958300859CB3 /* Info.plist */,
			);
			path = ModuleConsumerIOS;
			sourceTree = "<group>";
		};
		F0B56BF42D04A519EDDBB400 /* Pods */ = {
			isa = PBXGroup;
			children = (
				9DE3FA26499BDE3E4EDF4041 /* Pods-ModuleConsumerIOS.debug.xcconfig */,
				5C368A05AEB9961C36C9EE90 /* Pods-ModuleConsumerIOS.release.xcconfig */,
			);
			path = Pods;
			sourceTree = "<group>";
		};
/* End PBXGroup section */

/* Begin PBXNativeTarget section */
		AA65AE072B15958200859CB3 /* ModuleConsumerIOS */ = {
			isa = PBXNativeTarget;
			buildConfigurationList = AA65AE1C2B15958300859CB3 /* Build configuration list for PBXNativeTarget "ModuleConsumerIOS" */;
			buildPhases = (
				CB671818FD5BE5AF2876B7A9 /* [CP] Check Pods Manifest.lock */,
				AA65AE042B15958200859CB3 /* Sources */,
				AA65AE052B15958200859CB3 /* Frameworks */,
				AA65AE062B15958200859CB3 /* Resources */,
				AA65AE302B15A47000859CB3 /* Embed Frameworks */,
				065BA13D6C703BAFCB59D335 /* [CP] Embed Pods Frameworks */,
			);
			buildRules = (
			);
			dependencies = (
			);
			name = ModuleConsumerIOS;
			productName = ModuleConsumerIOS;
			productReference = AA65AE082B15958200859CB3 /* ModuleConsumerIOS.app */;
			productType = "com.apple.product-type.application";
		};
/* End PBXNativeTarget section */

/* Begin PBXProject section */
		AA65AE002B15958200859CB3 /* Project object */ = {
			isa = PBXProject;
			attributes = {
				BuildIndependentTargetsInParallel = 1;
				LastSwiftUpdateCheck = 1420;
				LastUpgradeCheck = 1420;
				TargetAttributes = {
					AA65AE072B15958200859CB3 = {
						CreatedOnToolsVersion = 14.2;
					};
				};
			};
			buildConfigurationList = AA65AE032B15958200859CB3 /* Build configuration list for PBXProject "ModuleConsumerIOS" */;
			compatibilityVersion = "Xcode 14.0";
			developmentRegion = en;
			hasScannedForEncodings = 0;
			knownRegions = (
				en,
				Base,
			);
			mainGroup = AA65ADFF2B15958200859CB3;
			productRefGroup = AA65AE092B15958200859CB3 /* Products */;
			projectDirPath = "";
			projectRoot = "";
			targets = (
				AA65AE072B15958200859CB3 /* ModuleConsumerIOS */,
			);
		};
/* End PBXProject section */

/* Begin PBXResourcesBuildPhase section */
		AA65AE062B15958200859CB3 /* Resources */ = {
			isa = PBXResourcesBuildPhase;
			buildActionMask = 2147483647;
			files = (
				AA65AE182B15958300859CB3 /* LaunchScreen.storyboard in Resources */,
				AA65AE152B15958300859CB3 /* Assets.xcassets in Resources */,
				AA65AE132B15958200859CB3 /* Main.storyboard in Resources */,
			);
			runOnlyForDeploymentPostprocessing = 0;
		};
/* End PBXResourcesBuildPhase section */

/* Begin PBXShellScriptBuildPhase section */
		065BA13D6C703BAFCB59D335 /* [CP] Embed Pods Frameworks */ = {
			isa = PBXShellScriptBuildPhase;
			buildActionMask = 2147483647;
			files = (
			);
			inputFileListPaths = (
				"${PODS_ROOT}/Target Support Files/Pods-ModuleConsumerIOS/Pods-ModuleConsumerIOS-frameworks-${CONFIGURATION}-input-files.xcfilelist",
			);
			name = "[CP] Embed Pods Frameworks";
			outputFileListPaths = (
				"${PODS_ROOT}/Target Support Files/Pods-ModuleConsumerIOS/Pods-ModuleConsumerIOS-frameworks-${CONFIGURATION}-output-files.xcfilelist",
			);
			runOnlyForDeploymentPostprocessing = 0;
			shellPath = /bin/sh;
			shellScript = "\"${PODS_ROOT}/Target Support Files/Pods-ModuleConsumerIOS/Pods-ModuleConsumerIOS-frameworks.sh\"\n";
			showEnvVarsInLog = 0;
		};
		CB671818FD5BE5AF2876B7A9 /* [CP] Check Pods Manifest.lock */ = {
			isa = PBXShellScriptBuildPhase;
			buildActionMask = 2147483647;
			files = (
			);
			inputFileListPaths = (
			);
			inputPaths = (
				"${PODS_PODFILE_DIR_PATH}/Podfile.lock",
				"${PODS_ROOT}/Manifest.lock",
			);
			name = "[CP] Check Pods Manifest.lock";
			outputFileListPaths = (
			);
			outputPaths = (
				"$(DERIVED_FILE_DIR)/Pods-ModuleConsumerIOS-checkManifestLockResult.txt",
			);
			runOnlyForDeploymentPostprocessing = 0;
			shellPath = /bin/sh;
			shellScript = "diff \"${PODS_PODFILE_DIR_PATH}/Podfile.lock\" \"${PODS_ROOT}/Manifest.lock\" > /dev/null\nif [ $? != 0 ] ; then\n    # print error to STDERR\n    echo \"error: The sandbox is not in sync with the Podfile.lock. Run 'pod install' or update your CocoaPods installation.\" >&2\n    exit 1\nfi\n# This output is used by Xcode 'outputs' to avoid re-running this script phase.\necho \"SUCCESS\" > \"${SCRIPT_OUTPUT_FILE_0}\"\n";
			showEnvVarsInLog = 0;
		};
/* End PBXShellScriptBuildPhase section */

/* Begin PBXSourcesBuildPhase section */
		AA65AE042B15958200859CB3 /* Sources */ = {
			isa = PBXSourcesBuildPhase;
			buildActionMask = 2147483647;
			files = (
				AA65AE102B15958200859CB3 /* ViewController.swift in Sources */,
				AA65AE0C2B15958200859CB3 /* AppDelegate.swift in Sources */,
				AA65AE0E2B15958200859CB3 /* SceneDelegate.swift in Sources */,
			);
			runOnlyForDeploymentPostprocessing = 0;
		};
/* End PBXSourcesBuildPhase section */

/* Begin PBXVariantGroup section */
		AA65AE112B15958200859CB3 /* Main.storyboard */ = {
			isa = PBXVariantGroup;
			children = (
				AA65AE122B15958200859CB3 /* Base */,
			);
			name = Main.storyboard;
			sourceTree = "<group>";
		};
		AA65AE162B15958300859CB3 /* LaunchScreen.storyboard */ = {
			isa = PBXVariantGroup;
			children = (
				AA65AE172B15958300859CB3 /* Base */,
			);
			name = LaunchScreen.storyboard;
			sourceTree = "<group>";
		};
/* End PBXVariantGroup section */

/* Begin XCBuildConfiguration section */
		AA65AE1A2B15958300859CB3 /* Debug */ = {
			isa = XCBuildConfiguration;
			buildSettings = {
				ALWAYS_SEARCH_USER_PATHS = NO;
				CLANG_ANALYZER_NONNULL = YES;
				CLANG_ANALYZER_NUMBER_OBJECT_CONVERSION = YES_AGGRESSIVE;
				CLANG_CXX_LANGUAGE_STANDARD = "gnu++20";
				CLANG_ENABLE_MODULES = YES;
				CLANG_ENABLE_OBJC_ARC = YES;
				CLANG_ENABLE_OBJC_WEAK = YES;
				CLANG_WARN_BLOCK_CAPTURE_AUTORELEASING = YES;
				CLANG_WARN_BOOL_CONVERSION = YES;
				CLANG_WARN_COMMA = YES;
				CLANG_WARN_CONSTANT_CONVERSION = YES;
				CLANG_WARN_DEPRECATED_OBJC_IMPLEMENTATIONS = YES;
				CLANG_WARN_DIRECT_OBJC_ISA_USAGE = YES_ERROR;
				CLANG_WARN_DOCUMENTATION_COMMENTS = YES;
				CLANG_WARN_EMPTY_BODY = YES;
				CLANG_WARN_ENUM_CONVERSION = YES;
				CLANG_WARN_INFINITE_RECURSION = YES;
				CLANG_WARN_INT_CONVERSION = YES;
				CLANG_WARN_NON_LITERAL_NULL_CONVERSION = YES;
				CLANG_WARN_OBJC_IMPLICIT_RETAIN_SELF = YES;
				CLANG_WARN_OBJC_LITERAL_CONVERSION = YES;
				CLANG_WARN_OBJC_ROOT_CLASS = YES_ERROR;
				CLANG_WARN_QUOTED_INCLUDE_IN_FRAMEWORK_HEADER = YES;
				CLANG_WARN_RANGE_LOOP_ANALYSIS = YES;
				CLANG_WARN_STRICT_PROTOTYPES = YES;
				CLANG_WARN_SUSPICIOUS_MOVE = YES;
				CLANG_WARN_UNGUARDED_AVAILABILITY = YES_AGGRESSIVE;
				CLANG_WARN_UNREACHABLE_CODE = YES;
				CLANG_WARN__DUPLICATE_METHOD_MATCH = YES;
				COPY_PHASE_STRIP = NO;
				DEBUG_INFORMATION_FORMAT = dwarf;
				ENABLE_STRICT_OBJC_MSGSEND = YES;
				ENABLE_TESTABILITY = YES;
				GCC_C_LANGUAGE_STANDARD = gnu11;
				GCC_DYNAMIC_NO_PIC = NO;
				GCC_NO_COMMON_BLOCKS = YES;
				GCC_OPTIMIZATION_LEVEL = 0;
				GCC_PREPROCESSOR_DEFINITIONS = (
					"DEBUG=1",
					"$(inherited)",
				);
				GCC_WARN_64_TO_32_BIT_CONVERSION = YES;
				GCC_WARN_ABOUT_RETURN_TYPE = YES_ERROR;
				GCC_WARN_UNDECLARED_SELECTOR = YES;
				GCC_WARN_UNINITIALIZED_AUTOS = YES_AGGRESSIVE;
				GCC_WARN_UNUSED_FUNCTION = YES;
				GCC_WARN_UNUSED_VARIABLE = YES;
				IPHONEOS_DEPLOYMENT_TARGET = 16.2;
				MTL_ENABLE_DEBUG_INFO = INCLUDE_SOURCE;
				MTL_FAST_MATH = YES;
				ONLY_ACTIVE_ARCH = YES;
				SDKROOT = iphoneos;
				SWIFT_ACTIVE_COMPILATION_CONDITIONS = DEBUG;
				SWIFT_OPTIMIZATION_LEVEL = "-Onone";
			};
			name = Debug;
		};
		AA65AE1B2B15958300859CB3 /* Release */ = {
			isa = XCBuildConfiguration;
			buildSettings = {
				ALWAYS_SEARCH_USER_PATHS = NO;
				CLANG_ANALYZER_NONNULL = YES;
				CLANG_ANALYZER_NUMBER_OBJECT_CONVERSION = YES_AGGRESSIVE;
				CLANG_CXX_LANGUAGE_STANDARD = "gnu++20";
				CLANG_ENABLE_MODULES = YES;
				CLANG_ENABLE_OBJC_ARC = YES;
				CLANG_ENABLE_OBJC_WEAK = YES;
				CLANG_WARN_BLOCK_CAPTURE_AUTORELEASING = YES;
				CLANG_WARN_BOOL_CONVERSION = YES;
				CLANG_WARN_COMMA = YES;
				CLANG_WARN_CONSTANT_CONVERSION = YES;
				CLANG_WARN_DEPRECATED_OBJC_IMPLEMENTATIONS = YES;
				CLANG_WARN_DIRECT_OBJC_ISA_USAGE = YES_ERROR;
				CLANG_WARN_DOCUMENTATION_COMMENTS = YES;
				CLANG_WARN_EMPTY_BODY = YES;
				CLANG_WARN_ENUM_CONVERSION = YES;
				CLANG_WARN_INFINITE_RECURSION = YES;
				CLANG_WARN_INT_CONVERSION = YES;
				CLANG_WARN_NON_LITERAL_NULL_CONVERSION = YES;
				CLANG_WARN_OBJC_IMPLICIT_RETAIN_SELF = YES;
				CLANG_WARN_OBJC_LITERAL_CONVERSION = YES;
				CLANG_WARN_OBJC_ROOT_CLASS = YES_ERROR;
				CLANG_WARN_QUOTED_INCLUDE_IN_FRAMEWORK_HEADER = YES;
				CLANG_WARN_RANGE_LOOP_ANALYSIS = YES;
				CLANG_WARN_STRICT_PROTOTYPES = YES;
				CLANG_WARN_SUSPICIOUS_MOVE = YES;
				CLANG_WARN_UNGUARDED_AVAILABILITY = YES_AGGRESSIVE;
				CLANG_WARN_UNREACHABLE_CODE = YES;
				CLANG_WARN__DUPLICATE_METHOD_MATCH = YES;
				COPY_PHASE_STRIP = NO;
				DEBUG_INFORMATION_FORMAT = "dwarf-with-dsym";
				ENABLE_NS_ASSERTIONS = NO;
				ENABLE_STRICT_OBJC_MSGSEND = YES;
				GCC_C_LANGUAGE_STANDARD = gnu11;
				GCC_NO_COMMON_BLOCKS = YES;
				GCC_WARN_64_TO_32_BIT_CONVERSION = YES;
				GCC_WARN_ABOUT_RETURN_TYPE = YES_ERROR;
				GCC_WARN_UNDECLARED_SELECTOR = YES;
				GCC_WARN_UNINITIALIZED_AUTOS = YES_AGGRESSIVE;
				GCC_WARN_UNUSED_FUNCTION = YES;
				GCC_WARN_UNUSED_VARIABLE = YES;
				IPHONEOS_DEPLOYMENT_TARGET = 16.2;
				MTL_ENABLE_DEBUG_INFO = NO;
				MTL_FAST_MATH = YES;
				SDKROOT = iphoneos;
				SWIFT_COMPILATION_MODE = wholemodule;
				SWIFT_OPTIMIZATION_LEVEL = "-O";
				VALIDATE_PRODUCT = YES;
			};
			name = Release;
		};
		AA65AE1D2B15958300859CB3 /* Debug */ = {
			isa = XCBuildConfiguration;
			baseConfigurationReference = 9DE3FA26499BDE3E4EDF4041 /* Pods-ModuleConsumerIOS.debug.xcconfig */;
			buildSettings = {
				ASSETCATALOG_COMPILER_APPICON_NAME = AppIcon;
				ASSETCATALOG_COMPILER_GLOBAL_ACCENT_COLOR_NAME = AccentColor;
				CODE_SIGN_STYLE = Automatic;
				CURRENT_PROJECT_VERSION = 1;
				DEVELOPMENT_TEAM = S3WXK7DP26;
				GENERATE_INFOPLIST_FILE = YES;
				INFOPLIST_FILE = ModuleConsumerIOS/Info.plist;
				INFOPLIST_KEY_UIApplicationSupportsIndirectInputEvents = YES;
				INFOPLIST_KEY_UILaunchStoryboardName = LaunchScreen;
				INFOPLIST_KEY_UIMainStoryboardFile = Main;
				INFOPLIST_KEY_UISupportedInterfaceOrientations_iPad = "UIInterfaceOrientationPortrait UIInterfaceOrientationPortraitUpsideDown UIInterfaceOrientationLandscapeLeft UIInterfaceOrientationLandscapeRight";
				INFOPLIST_KEY_UISupportedInterfaceOrientations_iPhone = "UIInterfaceOrientationPortrait UIInterfaceOrientationLandscapeLeft UIInterfaceOrientationLandscapeRight";
				LD_RUNPATH_SEARCH_PATHS = (
					"$(inherited)",
					"@executable_path/Frameworks",
				);
				MARKETING_VERSION = 1.0;
				PRODUCT_BUNDLE_IDENTIFIER = com.bijay.test.ModuleConsumerIOS;
				PRODUCT_NAME = "$(TARGET_NAME)";
				SWIFT_EMIT_LOC_STRINGS = YES;
				SWIFT_VERSION = 5.0;
				TARGETED_DEVICE_FAMILY = "1,2";
			};
			name = Debug;
		};
		AA65AE1E2B15958300859CB3 /* Release */ = {
			isa = XCBuildConfiguration;
			baseConfigurationReference = 5C368A05AEB9961C36C9EE90 /* Pods-ModuleConsumerIOS.release.xcconfig */;
			buildSettings = {
				ASSETCATALOG_COMPILER_APPICON_NAME = AppIcon;
				ASSETCATALOG_COMPILER_GLOBAL_ACCENT_COLOR_NAME = AccentColor;
				CODE_SIGN_STYLE = Automatic;
				CURRENT_PROJECT_VERSION = 1;
				DEVELOPMENT_TEAM = S3WXK7DP26;
				GENERATE_INFOPLIST_FILE = YES;
				INFOPLIST_FILE = ModuleConsumerIOS/Info.plist;
				INFOPLIST_KEY_UIApplicationSupportsIndirectInputEvents = YES;
				INFOPLIST_KEY_UILaunchStoryboardName = LaunchScreen;
				INFOPLIST_KEY_UIMainStoryboardFile = Main;
				INFOPLIST_KEY_UISupportedInterfaceOrientations_iPad = "UIInterfaceOrientationPortrait UIInterfaceOrientationPortraitUpsideDown UIInterfaceOrientationLandscapeLeft UIInterfaceOrientationLandscapeRight";
				INFOPLIST_KEY_UISupportedInterfaceOrientations_iPhone = "UIInterfaceOrientationPortrait UIInterfaceOrientationLandscapeLeft UIInterfaceOrientationLandscapeRight";
				LD_RUNPATH_SEARCH_PATHS = (
					"$(inherited)",
					"@executable_path/Frameworks",
				);
				MARKETING_VERSION = 1.0;
				PRODUCT_BUNDLE_IDENTIFIER = com.bijay.test.ModuleConsumerIOS;
				PRODUCT_NAME = "$(TARGET_NAME)";
				SWIFT_EMIT_LOC_STRINGS = YES;
				SWIFT_VERSION = 5.0;
				TARGETED_DEVICE_FAMILY = "1,2";
			};
			name = Release;
		};
/* End XCBuildConfiguration section */

/* Begin XCConfigurationList section */
		AA65AE032B15958200859CB3 /* Build configuration list for PBXProject "ModuleConsumerIOS" */ = {
			isa = XCConfigurationList;
			buildConfigurations = (
				AA65AE1A2B15958300859CB3 /* Debug */,
				AA65AE1B2B15958300859CB3 /* Release */,
			);
			defaultConfigurationIsVisible = 0;
			defaultConfigurationName = Release;
		};
		AA65AE1C2B15958300859CB3 /* Build configuration list for PBXNativeTarget "ModuleConsumerIOS" */ = {
			isa = XCConfigurationList;
			buildConfigurations = (
				AA65AE1D2B15958300859CB3 /* Debug */,
				AA65AE1E2B15958300859CB3 /* Release */,
			);
			defaultConfigurationIsVisible = 0;
			defaultConfigurationName = Release;
		};
/* End XCConfigurationList section */
	};
	rootObject = AA65AE002B15958200859CB3 /* Project object */;
}
